// !$*UTF8*$!
{
	archiveVersion = 1;
	classes = {
	};
	objectVersion = 51;
	objects = {

/* Begin PBXBuildFile section */
		D2CEFBF7057B4500C0E765BE /* Pods_TwitterClone.framework in Frameworks */ = {isa = PBXBuildFile; fileRef = 46D600BE8C858B7321A58B87 /* Pods_TwitterClone.framework */; };
		E395230025C00A7B009176C4 /* Utilities.swift in Sources */ = {isa = PBXBuildFile; fileRef = E39522FF25C00A7B009176C4 /* Utilities.swift */; };
		E3A73ED225CAD888009687E4 /* UploadTweetController.swift in Sources */ = {isa = PBXBuildFile; fileRef = E3A73ED125CAD888009687E4 /* UploadTweetController.swift */; };
		E3A73ED525CAFE53009687E4 /* CaptionTextView.swift in Sources */ = {isa = PBXBuildFile; fileRef = E3A73ED425CAFE53009687E4 /* CaptionTextView.swift */; };
		E3A73ED825CB0578009687E4 /* TweetService.swift in Sources */ = {isa = PBXBuildFile; fileRef = E3A73ED725CB0578009687E4 /* TweetService.swift */; };
		E3A73EDF25CBD1D9009687E4 /* Tweet.swift in Sources */ = {isa = PBXBuildFile; fileRef = E3A73EDE25CBD1D9009687E4 /* Tweet.swift */; };
		E3A73EE225CC4923009687E4 /* TweetCell.swift in Sources */ = {isa = PBXBuildFile; fileRef = E3A73EE125CC4923009687E4 /* TweetCell.swift */; };
		E3A73EE525CD843D009687E4 /* TweetViewModel.swift in Sources */ = {isa = PBXBuildFile; fileRef = E3A73EE425CD843D009687E4 /* TweetViewModel.swift */; };
		E3C6028B25D1860E00A821E3 /* ProfileController.swift in Sources */ = {isa = PBXBuildFile; fileRef = E3C6028A25D1860E00A821E3 /* ProfileController.swift */; };
		E3C6028E25D2B73B00A821E3 /* ProfileHeader.swift in Sources */ = {isa = PBXBuildFile; fileRef = E3C6028D25D2B73B00A821E3 /* ProfileHeader.swift */; };
		E3D8B12225B609D600642412 /* AppDelegate.swift in Sources */ = {isa = PBXBuildFile; fileRef = E3D8B12125B609D600642412 /* AppDelegate.swift */; };
		E3D8B12425B609D600642412 /* SceneDelegate.swift in Sources */ = {isa = PBXBuildFile; fileRef = E3D8B12325B609D600642412 /* SceneDelegate.swift */; };
		E3D8B12925B609D600642412 /* Main.storyboard in Resources */ = {isa = PBXBuildFile; fileRef = E3D8B12725B609D600642412 /* Main.storyboard */; };
		E3D8B12B25B609DB00642412 /* Assets.xcassets in Resources */ = {isa = PBXBuildFile; fileRef = E3D8B12A25B609DB00642412 /* Assets.xcassets */; };
		E3D8B12E25B609DB00642412 /* LaunchScreen.storyboard in Resources */ = {isa = PBXBuildFile; fileRef = E3D8B12C25B609DB00642412 /* LaunchScreen.storyboard */; };
		E3D8B14325B6E95100642412 /* MainTabController.swift in Sources */ = {isa = PBXBuildFile; fileRef = E3D8B14225B6E95100642412 /* MainTabController.swift */; };
		E3D8B14625B886E600642412 /* FeedController.swift in Sources */ = {isa = PBXBuildFile; fileRef = E3D8B14525B886E600642412 /* FeedController.swift */; };
		E3D8B14925B8896600642412 /* ExploreController.swift in Sources */ = {isa = PBXBuildFile; fileRef = E3D8B14825B8896600642412 /* ExploreController.swift */; };
		E3D8B14C25B889BA00642412 /* NotificationsController.swift in Sources */ = {isa = PBXBuildFile; fileRef = E3D8B14B25B889BA00642412 /* NotificationsController.swift */; };
		E3D8B14F25B88A0200642412 /* ConversationsController.swift in Sources */ = {isa = PBXBuildFile; fileRef = E3D8B14E25B88A0200642412 /* ConversationsController.swift */; };
		E3D8B15225BEB36A00642412 /* Extensions.swift in Sources */ = {isa = PBXBuildFile; fileRef = E3D8B15125BEB36A00642412 /* Extensions.swift */; };
		E3D8B15A25BEC50600642412 /* LoginController.swift in Sources */ = {isa = PBXBuildFile; fileRef = E3D8B15925BEC50600642412 /* LoginController.swift */; };
		E3D8B15E25BECD3500642412 /* RegistrationController.swift in Sources */ = {isa = PBXBuildFile; fileRef = E3D8B15D25BECD3500642412 /* RegistrationController.swift */; };
		E3ED489425C2EA1C005C4F9D /* GoogleService-Info.plist in Resources */ = {isa = PBXBuildFile; fileRef = E3ED489325C2EA1C005C4F9D /* GoogleService-Info.plist */; };
		E3ED48A925C7F8E4005C4F9D /* Constants.swift in Sources */ = {isa = PBXBuildFile; fileRef = E3ED48A825C7F8E4005C4F9D /* Constants.swift */; };
		E3ED48BC25C8101F005C4F9D /* AuthService.swift in Sources */ = {isa = PBXBuildFile; fileRef = E3ED48BB25C8101F005C4F9D /* AuthService.swift */; };
		E3ED48D125C87514005C4F9D /* UserService.swift in Sources */ = {isa = PBXBuildFile; fileRef = E3ED48D025C87514005C4F9D /* UserService.swift */; };
		E3ED48D425C9945C005C4F9D /* User.swift in Sources */ = {isa = PBXBuildFile; fileRef = E3ED48D325C9945C005C4F9D /* User.swift */; };
/* End PBXBuildFile section */

/* Begin PBXFileReference section */
		0927CD5C3AD3E83FF22A1DB0 /* Pods-TwitterClone.release.xcconfig */ = {isa = PBXFileReference; includeInIndex = 1; lastKnownFileType = text.xcconfig; name = "Pods-TwitterClone.release.xcconfig"; path = "Target Support Files/Pods-TwitterClone/Pods-TwitterClone.release.xcconfig"; sourceTree = "<group>"; };
		46D600BE8C858B7321A58B87 /* Pods_TwitterClone.framework */ = {isa = PBXFileReference; explicitFileType = wrapper.framework; includeInIndex = 0; path = Pods_TwitterClone.framework; sourceTree = BUILT_PRODUCTS_DIR; };
		C7C781C432329AF390AC8EA0 /* Pods-TwitterClone.debug.xcconfig */ = {isa = PBXFileReference; includeInIndex = 1; lastKnownFileType = text.xcconfig; name = "Pods-TwitterClone.debug.xcconfig"; path = "Target Support Files/Pods-TwitterClone/Pods-TwitterClone.debug.xcconfig"; sourceTree = "<group>"; };
		E39522FF25C00A7B009176C4 /* Utilities.swift */ = {isa = PBXFileReference; lastKnownFileType = sourcecode.swift; path = Utilities.swift; sourceTree = "<group>"; };
		E3A73ED125CAD888009687E4 /* UploadTweetController.swift */ = {isa = PBXFileReference; lastKnownFileType = sourcecode.swift; path = UploadTweetController.swift; sourceTree = "<group>"; };
		E3A73ED425CAFE53009687E4 /* CaptionTextView.swift */ = {isa = PBXFileReference; lastKnownFileType = sourcecode.swift; path = CaptionTextView.swift; sourceTree = "<group>"; };
		E3A73ED725CB0578009687E4 /* TweetService.swift */ = {isa = PBXFileReference; lastKnownFileType = sourcecode.swift; path = TweetService.swift; sourceTree = "<group>"; };
		E3A73EDE25CBD1D9009687E4 /* Tweet.swift */ = {isa = PBXFileReference; lastKnownFileType = sourcecode.swift; path = Tweet.swift; sourceTree = "<group>"; };
		E3A73EE125CC4923009687E4 /* TweetCell.swift */ = {isa = PBXFileReference; lastKnownFileType = sourcecode.swift; path = TweetCell.swift; sourceTree = "<group>"; };
		E3A73EE425CD843D009687E4 /* TweetViewModel.swift */ = {isa = PBXFileReference; lastKnownFileType = sourcecode.swift; path = TweetViewModel.swift; sourceTree = "<group>"; };
		E3C6028A25D1860E00A821E3 /* ProfileController.swift */ = {isa = PBXFileReference; lastKnownFileType = sourcecode.swift; path = ProfileController.swift; sourceTree = "<group>"; };
		E3C6028D25D2B73B00A821E3 /* ProfileHeader.swift */ = {isa = PBXFileReference; lastKnownFileType = sourcecode.swift; path = ProfileHeader.swift; sourceTree = "<group>"; };
		E3D8B11E25B609D600642412 /* TwitterClone.app */ = {isa = PBXFileReference; explicitFileType = wrapper.application; includeInIndex = 0; path = TwitterClone.app; sourceTree = BUILT_PRODUCTS_DIR; };
		E3D8B12125B609D600642412 /* AppDelegate.swift */ = {isa = PBXFileReference; lastKnownFileType = sourcecode.swift; path = AppDelegate.swift; sourceTree = "<group>"; };
		E3D8B12325B609D600642412 /* SceneDelegate.swift */ = {isa = PBXFileReference; lastKnownFileType = sourcecode.swift; path = SceneDelegate.swift; sourceTree = "<group>"; };
		E3D8B12825B609D600642412 /* Base */ = {isa = PBXFileReference; lastKnownFileType = file.storyboard; name = Base; path = Base.lproj/Main.storyboard; sourceTree = "<group>"; };
		E3D8B12A25B609DB00642412 /* Assets.xcassets */ = {isa = PBXFileReference; lastKnownFileType = folder.assetcatalog; path = Assets.xcassets; sourceTree = "<group>"; };
		E3D8B12D25B609DB00642412 /* Base */ = {isa = PBXFileReference; lastKnownFileType = file.storyboard; name = Base; path = Base.lproj/LaunchScreen.storyboard; sourceTree = "<group>"; };
		E3D8B12F25B609DB00642412 /* Info.plist */ = {isa = PBXFileReference; lastKnownFileType = text.plist.xml; path = Info.plist; sourceTree = "<group>"; };
		E3D8B14225B6E95100642412 /* MainTabController.swift */ = {isa = PBXFileReference; lastKnownFileType = sourcecode.swift; path = MainTabController.swift; sourceTree = "<group>"; };
		E3D8B14525B886E600642412 /* FeedController.swift */ = {isa = PBXFileReference; lastKnownFileType = sourcecode.swift; path = FeedController.swift; sourceTree = "<group>"; };
		E3D8B14825B8896600642412 /* ExploreController.swift */ = {isa = PBXFileReference; lastKnownFileType = sourcecode.swift; path = ExploreController.swift; sourceTree = "<group>"; };
		E3D8B14B25B889BA00642412 /* NotificationsController.swift */ = {isa = PBXFileReference; lastKnownFileType = sourcecode.swift; path = NotificationsController.swift; sourceTree = "<group>"; };
		E3D8B14E25B88A0200642412 /* ConversationsController.swift */ = {isa = PBXFileReference; lastKnownFileType = sourcecode.swift; path = ConversationsController.swift; sourceTree = "<group>"; };
		E3D8B15125BEB36A00642412 /* Extensions.swift */ = {isa = PBXFileReference; lastKnownFileType = sourcecode.swift; path = Extensions.swift; sourceTree = "<group>"; };
		E3D8B15925BEC50600642412 /* LoginController.swift */ = {isa = PBXFileReference; lastKnownFileType = sourcecode.swift; path = LoginController.swift; sourceTree = "<group>"; };
		E3D8B15D25BECD3500642412 /* RegistrationController.swift */ = {isa = PBXFileReference; lastKnownFileType = sourcecode.swift; path = RegistrationController.swift; sourceTree = "<group>"; };
		E3ED489325C2EA1C005C4F9D /* GoogleService-Info.plist */ = {isa = PBXFileReference; fileEncoding = 4; lastKnownFileType = text.plist.xml; path = "GoogleService-Info.plist"; sourceTree = "<group>"; };
		E3ED48A825C7F8E4005C4F9D /* Constants.swift */ = {isa = PBXFileReference; lastKnownFileType = sourcecode.swift; path = Constants.swift; sourceTree = "<group>"; };
		E3ED48BB25C8101F005C4F9D /* AuthService.swift */ = {isa = PBXFileReference; lastKnownFileType = sourcecode.swift; path = AuthService.swift; sourceTree = "<group>"; };
		E3ED48D025C87514005C4F9D /* UserService.swift */ = {isa = PBXFileReference; lastKnownFileType = sourcecode.swift; path = UserService.swift; sourceTree = "<group>"; };
		E3ED48D325C9945C005C4F9D /* User.swift */ = {isa = PBXFileReference; lastKnownFileType = sourcecode.swift; path = User.swift; sourceTree = "<group>"; };
/* End PBXFileReference section */

/* Begin PBXFrameworksBuildPhase section */
		E3D8B11B25B609D600642412 /* Frameworks */ = {
			isa = PBXFrameworksBuildPhase;
			buildActionMask = 2147483647;
			files = (
				D2CEFBF7057B4500C0E765BE /* Pods_TwitterClone.framework in Frameworks */,
			);
			runOnlyForDeploymentPostprocessing = 0;
		};
/* End PBXFrameworksBuildPhase section */

/* Begin PBXGroup section */
		4E65F1FD17ACD872A0675008 /* Frameworks */ = {
			isa = PBXGroup;
			children = (
				46D600BE8C858B7321A58B87 /* Pods_TwitterClone.framework */,
			);
			name = Frameworks;
			sourceTree = "<group>";
		};
		880A1DD52BE38297B0BE140E /* Pods */ = {
			isa = PBXGroup;
			children = (
				C7C781C432329AF390AC8EA0 /* Pods-TwitterClone.debug.xcconfig */,
				0927CD5C3AD3E83FF22A1DB0 /* Pods-TwitterClone.release.xcconfig */,
			);
			path = Pods;
			sourceTree = "<group>";
		};
		E3D8B11525B609D600642412 = {
			isa = PBXGroup;
			children = (
				E3D8B12025B609D600642412 /* TwitterClone */,
				E3D8B11F25B609D600642412 /* Products */,
				880A1DD52BE38297B0BE140E /* Pods */,
				4E65F1FD17ACD872A0675008 /* Frameworks */,
			);
			sourceTree = "<group>";
		};
		E3D8B11F25B609D600642412 /* Products */ = {
			isa = PBXGroup;
			children = (
				E3D8B11E25B609D600642412 /* TwitterClone.app */,
			);
			name = Products;
			sourceTree = "<group>";
		};
		E3D8B12025B609D600642412 /* TwitterClone */ = {
			isa = PBXGroup;
			children = (
				E3D8B13D25B6E75D00642412 /* Model */,
				E3D8B13C25B6E75C00642412 /* View */,
				E3D8B13B25B6E75A00642412 /* ViewModel */,
				E3D8B13A25B6E75800642412 /* Controller */,
				E3D8B13625B6E73D00642412 /* API */,
				E3D8B13F25B6E7B500642412 /* Utils */,
				E3D8B12125B609D600642412 /* AppDelegate.swift */,
				E3D8B12325B609D600642412 /* SceneDelegate.swift */,
				E3D8B12725B609D600642412 /* Main.storyboard */,
				E3D8B12A25B609DB00642412 /* Assets.xcassets */,
				E3D8B12C25B609DB00642412 /* LaunchScreen.storyboard */,
				E3D8B12F25B609DB00642412 /* Info.plist */,
				E3ED489325C2EA1C005C4F9D /* GoogleService-Info.plist */,
			);
			path = TwitterClone;
			sourceTree = "<group>";
		};
		E3D8B13625B6E73D00642412 /* API */ = {
			isa = PBXGroup;
			children = (
				E3ED48BB25C8101F005C4F9D /* AuthService.swift */,
				E3ED48D025C87514005C4F9D /* UserService.swift */,
				E3A73ED725CB0578009687E4 /* TweetService.swift */,
			);
			path = API;
			sourceTree = "<group>";
		};
		E3D8B13A25B6E75800642412 /* Controller */ = {
			isa = PBXGroup;
			children = (
				E3D8B15825BEC46C00642412 /* Authentication */,
				E3D8B14225B6E95100642412 /* MainTabController.swift */,
				E3D8B14525B886E600642412 /* FeedController.swift */,
				E3D8B14825B8896600642412 /* ExploreController.swift */,
				E3D8B14B25B889BA00642412 /* NotificationsController.swift */,
				E3D8B14E25B88A0200642412 /* ConversationsController.swift */,
				E3A73ED125CAD888009687E4 /* UploadTweetController.swift */,
				E3C6028A25D1860E00A821E3 /* ProfileController.swift */,
			);
			path = Controller;
			sourceTree = "<group>";
		};
		E3D8B13B25B6E75A00642412 /* ViewModel */ = {
			isa = PBXGroup;
			children = (
				E3A73EE425CD843D009687E4 /* TweetViewModel.swift */,
			);
			path = ViewModel;
			sourceTree = "<group>";
		};
		E3D8B13C25B6E75C00642412 /* View */ = {
			isa = PBXGroup;
			children = (
				E3A73ED425CAFE53009687E4 /* CaptionTextView.swift */,
				E3A73EE125CC4923009687E4 /* TweetCell.swift */,
				E3C6028D25D2B73B00A821E3 /* ProfileHeader.swift */,
			);
			path = View;
			sourceTree = "<group>";
		};
		E3D8B13D25B6E75D00642412 /* Model */ = {
			isa = PBXGroup;
			children = (
				E3ED48D325C9945C005C4F9D /* User.swift */,
				E3A73EDE25CBD1D9009687E4 /* Tweet.swift */,
			);
			path = Model;
			sourceTree = "<group>";
		};
		E3D8B13F25B6E7B500642412 /* Utils */ = {
			isa = PBXGroup;
			children = (
				E3D8B15125BEB36A00642412 /* Extensions.swift */,
				E39522FF25C00A7B009176C4 /* Utilities.swift */,
				E3ED48A825C7F8E4005C4F9D /* Constants.swift */,
			);
			path = Utils;
			sourceTree = "<group>";
		};
		E3D8B15825BEC46C00642412 /* Authentication */ = {
			isa = PBXGroup;
			children = (
				E3D8B15925BEC50600642412 /* LoginController.swift */,
				E3D8B15D25BECD3500642412 /* RegistrationController.swift */,
			);
			path = Authentication;
			sourceTree = "<group>";
		};
/* End PBXGroup section */

/* Begin PBXNativeTarget section */
		E3D8B11D25B609D600642412 /* TwitterClone */ = {
			isa = PBXNativeTarget;
			buildConfigurationList = E3D8B13225B609DB00642412 /* Build configuration list for PBXNativeTarget "TwitterClone" */;
			buildPhases = (
				7B945BBC68DB8F61100DE46B /* [CP] Check Pods Manifest.lock */,
				E3D8B11A25B609D600642412 /* Sources */,
				E3D8B11B25B609D600642412 /* Frameworks */,
				E3D8B11C25B609D600642412 /* Resources */,
				07672F69AB666D1A7602E5D4 /* [CP] Embed Pods Frameworks */,
			);
			buildRules = (
			);
			dependencies = (
			);
			name = TwitterClone;
			productName = TwitterClone;
			productReference = E3D8B11E25B609D600642412 /* TwitterClone.app */;
			productType = "com.apple.product-type.application";
		};
/* End PBXNativeTarget section */

/* Begin PBXProject section */
		E3D8B11625B609D600642412 /* Project object */ = {
			isa = PBXProject;
			attributes = {
				LastSwiftUpdateCheck = 1230;
				LastUpgradeCheck = 1230;
				TargetAttributes = {
					E3D8B11D25B609D600642412 = {
						CreatedOnToolsVersion = 12.3;
					};
				};
			};
			buildConfigurationList = E3D8B11925B609D600642412 /* Build configuration list for PBXProject "TwitterClone" */;
			compatibilityVersion = "Xcode 9.3";
			developmentRegion = en;
			hasScannedForEncodings = 0;
			knownRegions = (
				en,
				Base,
			);
			mainGroup = E3D8B11525B609D600642412;
			productRefGroup = E3D8B11F25B609D600642412 /* Products */;
			projectDirPath = "";
			projectRoot = "";
			targets = (
				E3D8B11D25B609D600642412 /* TwitterClone */,
			);
		};
/* End PBXProject section */

/* Begin PBXResourcesBuildPhase section */
		E3D8B11C25B609D600642412 /* Resources */ = {
			isa = PBXResourcesBuildPhase;
			buildActionMask = 2147483647;
			files = (
				E3D8B12E25B609DB00642412 /* LaunchScreen.storyboard in Resources */,
				E3ED489425C2EA1C005C4F9D /* GoogleService-Info.plist in Resources */,
				E3D8B12B25B609DB00642412 /* Assets.xcassets in Resources */,
				E3D8B12925B609D600642412 /* Main.storyboard in Resources */,
			);
			runOnlyForDeploymentPostprocessing = 0;
		};
/* End PBXResourcesBuildPhase section */

/* Begin PBXShellScriptBuildPhase section */
		07672F69AB666D1A7602E5D4 /* [CP] Embed Pods Frameworks */ = {
			isa = PBXShellScriptBuildPhase;
			buildActionMask = 2147483647;
			files = (
			);
			inputFileListPaths = (
				"${PODS_ROOT}/Target Support Files/Pods-TwitterClone/Pods-TwitterClone-frameworks-${CONFIGURATION}-input-files.xcfilelist",
			);
			name = "[CP] Embed Pods Frameworks";
			outputFileListPaths = (
				"${PODS_ROOT}/Target Support Files/Pods-TwitterClone/Pods-TwitterClone-frameworks-${CONFIGURATION}-output-files.xcfilelist",
			);
			runOnlyForDeploymentPostprocessing = 0;
			shellPath = /bin/sh;
			shellScript = "\"${PODS_ROOT}/Target Support Files/Pods-TwitterClone/Pods-TwitterClone-frameworks.sh\"\n";
			showEnvVarsInLog = 0;
		};
		7B945BBC68DB8F61100DE46B /* [CP] Check Pods Manifest.lock */ = {
			isa = PBXShellScriptBuildPhase;
			buildActionMask = 2147483647;
			files = (
			);
			inputFileListPaths = (
			);
			inputPaths = (
				"${PODS_PODFILE_DIR_PATH}/Podfile.lock",
				"${PODS_ROOT}/Manifest.lock",
			);
			name = "[CP] Check Pods Manifest.lock";
			outputFileListPaths = (
			);
			outputPaths = (
				"$(DERIVED_FILE_DIR)/Pods-TwitterClone-checkManifestLockResult.txt",
			);
			runOnlyForDeploymentPostprocessing = 0;
			shellPath = /bin/sh;
			shellScript = "diff \"${PODS_PODFILE_DIR_PATH}/Podfile.lock\" \"${PODS_ROOT}/Manifest.lock\" > /dev/null\nif [ $? != 0 ] ; then\n    # print error to STDERR\n    echo \"error: The sandbox is not in sync with the Podfile.lock. Run 'pod install' or update your CocoaPods installation.\" >&2\n    exit 1\nfi\n# This output is used by Xcode 'outputs' to avoid re-running this script phase.\necho \"SUCCESS\" > \"${SCRIPT_OUTPUT_FILE_0}\"\n";
			showEnvVarsInLog = 0;
		};
/* End PBXShellScriptBuildPhase section */

/* Begin PBXSourcesBuildPhase section */
		E3D8B11A25B609D600642412 /* Sources */ = {
			isa = PBXSourcesBuildPhase;
			buildActionMask = 2147483647;
			files = (
				E3ED48D125C87514005C4F9D /* UserService.swift in Sources */,
				E3D8B14C25B889BA00642412 /* NotificationsController.swift in Sources */,
				E3A73ED525CAFE53009687E4 /* CaptionTextView.swift in Sources */,
				E3D8B14F25B88A0200642412 /* ConversationsController.swift in Sources */,
				E395230025C00A7B009176C4 /* Utilities.swift in Sources */,
				E3D8B12225B609D600642412 /* AppDelegate.swift in Sources */,
				E3D8B15225BEB36A00642412 /* Extensions.swift in Sources */,
				E3C6028B25D1860E00A821E3 /* ProfileController.swift in Sources */,
				E3C6028E25D2B73B00A821E3 /* ProfileHeader.swift in Sources */,
				E3A73EE225CC4923009687E4 /* TweetCell.swift in Sources */,
				E3D8B15A25BEC50600642412 /* LoginController.swift in Sources */,
				E3ED48BC25C8101F005C4F9D /* AuthService.swift in Sources */,
				E3A73ED225CAD888009687E4 /* UploadTweetController.swift in Sources */,
				E3ED48D425C9945C005C4F9D /* User.swift in Sources */,
				E3D8B14925B8896600642412 /* ExploreController.swift in Sources */,
				E3D8B12425B609D600642412 /* SceneDelegate.swift in Sources */,
				E3D8B14325B6E95100642412 /* MainTabController.swift in Sources */,
				E3A73EE525CD843D009687E4 /* TweetViewModel.swift in Sources */,
				E3D8B15E25BECD3500642412 /* RegistrationController.swift in Sources */,
				E3D8B14625B886E600642412 /* FeedController.swift in Sources */,
				E3ED48A925C7F8E4005C4F9D /* Constants.swift in Sources */,
				E3A73EDF25CBD1D9009687E4 /* Tweet.swift in Sources */,
				E3A73ED825CB0578009687E4 /* TweetService.swift in Sources */,
			);
			runOnlyForDeploymentPostprocessing = 0;
		};
/* End PBXSourcesBuildPhase section */

/* Begin PBXVariantGroup section */
		E3D8B12725B609D600642412 /* Main.storyboard */ = {
			isa = PBXVariantGroup;
			children = (
				E3D8B12825B609D600642412 /* Base */,
			);
			name = Main.storyboard;
			sourceTree = "<group>";
		};
		E3D8B12C25B609DB00642412 /* LaunchScreen.storyboard */ = {
			isa = PBXVariantGroup;
			children = (
				E3D8B12D25B609DB00642412 /* Base */,
			);
			name = LaunchScreen.storyboard;
			sourceTree = "<group>";
		};
/* End PBXVariantGroup section */

/* Begin XCBuildConfiguration section */
		E3D8B13025B609DB00642412 /* Debug */ = {
			isa = XCBuildConfiguration;
			buildSettings = {
				ALWAYS_SEARCH_USER_PATHS = NO;
				CLANG_ANALYZER_NONNULL = YES;
				CLANG_ANALYZER_NUMBER_OBJECT_CONVERSION = YES_AGGRESSIVE;
				CLANG_CXX_LANGUAGE_STANDARD = "gnu++14";
				CLANG_CXX_LIBRARY = "libc++";
				CLANG_ENABLE_MODULES = YES;
				CLANG_ENABLE_OBJC_ARC = YES;
				CLANG_ENABLE_OBJC_WEAK = YES;
				CLANG_WARN_BLOCK_CAPTURE_AUTORELEASING = YES;
				CLANG_WARN_BOOL_CONVERSION = YES;
				CLANG_WARN_COMMA = YES;
				CLANG_WARN_CONSTANT_CONVERSION = YES;
				CLANG_WARN_DEPRECATED_OBJC_IMPLEMENTATIONS = YES;
				CLANG_WARN_DIRECT_OBJC_ISA_USAGE = YES_ERROR;
				CLANG_WARN_DOCUMENTATION_COMMENTS = YES;
				CLANG_WARN_EMPTY_BODY = YES;
				CLANG_WARN_ENUM_CONVERSION = YES;
				CLANG_WARN_INFINITE_RECURSION = YES;
				CLANG_WARN_INT_CONVERSION = YES;
				CLANG_WARN_NON_LITERAL_NULL_CONVERSION = YES;
				CLANG_WARN_OBJC_IMPLICIT_RETAIN_SELF = YES;
				CLANG_WARN_OBJC_LITERAL_CONVERSION = YES;
				CLANG_WARN_OBJC_ROOT_CLASS = YES_ERROR;
				CLANG_WARN_QUOTED_INCLUDE_IN_FRAMEWORK_HEADER = YES;
				CLANG_WARN_RANGE_LOOP_ANALYSIS = YES;
				CLANG_WARN_STRICT_PROTOTYPES = YES;
				CLANG_WARN_SUSPICIOUS_MOVE = YES;
				CLANG_WARN_UNGUARDED_AVAILABILITY = YES_AGGRESSIVE;
				CLANG_WARN_UNREACHABLE_CODE = YES;
				CLANG_WARN__DUPLICATE_METHOD_MATCH = YES;
				COPY_PHASE_STRIP = NO;
				DEBUG_INFORMATION_FORMAT = dwarf;
				ENABLE_STRICT_OBJC_MSGSEND = YES;
				ENABLE_TESTABILITY = YES;
				GCC_C_LANGUAGE_STANDARD = gnu11;
				GCC_DYNAMIC_NO_PIC = NO;
				GCC_NO_COMMON_BLOCKS = YES;
				GCC_OPTIMIZATION_LEVEL = 0;
				GCC_PREPROCESSOR_DEFINITIONS = (
					"DEBUG=1",
					"$(inherited)",
				);
				GCC_WARN_64_TO_32_BIT_CONVERSION = YES;
				GCC_WARN_ABOUT_RETURN_TYPE = YES_ERROR;
				GCC_WARN_UNDECLARED_SELECTOR = YES;
				GCC_WARN_UNINITIALIZED_AUTOS = YES_AGGRESSIVE;
				GCC_WARN_UNUSED_FUNCTION = YES;
				GCC_WARN_UNUSED_VARIABLE = YES;
				IPHONEOS_DEPLOYMENT_TARGET = 14.3;
				MTL_ENABLE_DEBUG_INFO = INCLUDE_SOURCE;
				MTL_FAST_MATH = YES;
				ONLY_ACTIVE_ARCH = YES;
				SDKROOT = iphoneos;
				SWIFT_ACTIVE_COMPILATION_CONDITIONS = DEBUG;
				SWIFT_OPTIMIZATION_LEVEL = "-Onone";
			};
			name = Debug;
		};
		E3D8B13125B609DB00642412 /* Release */ = {
			isa = XCBuildConfiguration;
			buildSettings = {
				ALWAYS_SEARCH_USER_PATHS = NO;
				CLANG_ANALYZER_NONNULL = YES;
				CLANG_ANALYZER_NUMBER_OBJECT_CONVERSION = YES_AGGRESSIVE;
				CLANG_CXX_LANGUAGE_STANDARD = "gnu++14";
				CLANG_CXX_LIBRARY = "libc++";
				CLANG_ENABLE_MODULES = YES;
				CLANG_ENABLE_OBJC_ARC = YES;
				CLANG_ENABLE_OBJC_WEAK = YES;
				CLANG_WARN_BLOCK_CAPTURE_AUTORELEASING = YES;
				CLANG_WARN_BOOL_CONVERSION = YES;
				CLANG_WARN_COMMA = YES;
				CLANG_WARN_CONSTANT_CONVERSION = YES;
				CLANG_WARN_DEPRECATED_OBJC_IMPLEMENTATIONS = YES;
				CLANG_WARN_DIRECT_OBJC_ISA_USAGE = YES_ERROR;
				CLANG_WARN_DOCUMENTATION_COMMENTS = YES;
				CLANG_WARN_EMPTY_BODY = YES;
				CLANG_WARN_ENUM_CONVERSION = YES;
				CLANG_WARN_INFINITE_RECURSION = YES;
				CLANG_WARN_INT_CONVERSION = YES;
				CLANG_WARN_NON_LITERAL_NULL_CONVERSION = YES;
				CLANG_WARN_OBJC_IMPLICIT_RETAIN_SELF = YES;
				CLANG_WARN_OBJC_LITERAL_CONVERSION = YES;
				CLANG_WARN_OBJC_ROOT_CLASS = YES_ERROR;
				CLANG_WARN_QUOTED_INCLUDE_IN_FRAMEWORK_HEADER = YES;
				CLANG_WARN_RANGE_LOOP_ANALYSIS = YES;
				CLANG_WARN_STRICT_PROTOTYPES = YES;
				CLANG_WARN_SUSPICIOUS_MOVE = YES;
				CLANG_WARN_UNGUARDED_AVAILABILITY = YES_AGGRESSIVE;
				CLANG_WARN_UNREACHABLE_CODE = YES;
				CLANG_WARN__DUPLICATE_METHOD_MATCH = YES;
				COPY_PHASE_STRIP = NO;
				DEBUG_INFORMATION_FORMAT = "dwarf-with-dsym";
				ENABLE_NS_ASSERTIONS = NO;
				ENABLE_STRICT_OBJC_MSGSEND = YES;
				GCC_C_LANGUAGE_STANDARD = gnu11;
				GCC_NO_COMMON_BLOCKS = YES;
				GCC_WARN_64_TO_32_BIT_CONVERSION = YES;
				GCC_WARN_ABOUT_RETURN_TYPE = YES_ERROR;
				GCC_WARN_UNDECLARED_SELECTOR = YES;
				GCC_WARN_UNINITIALIZED_AUTOS = YES_AGGRESSIVE;
				GCC_WARN_UNUSED_FUNCTION = YES;
				GCC_WARN_UNUSED_VARIABLE = YES;
				IPHONEOS_DEPLOYMENT_TARGET = 14.3;
				MTL_ENABLE_DEBUG_INFO = NO;
				MTL_FAST_MATH = YES;
				SDKROOT = iphoneos;
				SWIFT_COMPILATION_MODE = wholemodule;
				SWIFT_OPTIMIZATION_LEVEL = "-O";
				VALIDATE_PRODUCT = YES;
			};
			name = Release;
		};
		E3D8B13325B609DB00642412 /* Debug */ = {
			isa = XCBuildConfiguration;
			baseConfigurationReference = C7C781C432329AF390AC8EA0 /* Pods-TwitterClone.debug.xcconfig */;
			buildSettings = {
				ASSETCATALOG_COMPILER_APPICON_NAME = AppIcon;
				ASSETCATALOG_COMPILER_GLOBAL_ACCENT_COLOR_NAME = AccentColor;
				CODE_SIGN_STYLE = Automatic;
				DEVELOPMENT_TEAM = QG2C2484PZ;
				INFOPLIST_FILE = TwitterClone/Info.plist;
				LD_RUNPATH_SEARCH_PATHS = (
					"$(inherited)",
					"@executable_path/Frameworks",
				);
				PRODUCT_BUNDLE_IDENTIFIER = com.malakoipechyva.TwitterClone;
				PRODUCT_NAME = "$(TARGET_NAME)";
				SWIFT_VERSION = 5.0;
				TARGETED_DEVICE_FAMILY = "1,2";
			};
			name = Debug;
		};
		E3D8B13425B609DB00642412 /* Release */ = {
			isa = XCBuildConfiguration;
			baseConfigurationReference = 0927CD5C3AD3E83FF22A1DB0 /* Pods-TwitterClone.release.xcconfig */;
			buildSettings = {
				ASSETCATALOG_COMPILER_APPICON_NAME = AppIcon;
				ASSETCATALOG_COMPILER_GLOBAL_ACCENT_COLOR_NAME = AccentColor;
				CODE_SIGN_STYLE = Automatic;
				DEVELOPMENT_TEAM = QG2C2484PZ;
				INFOPLIST_FILE = TwitterClone/Info.plist;
				LD_RUNPATH_SEARCH_PATHS = (
					"$(inherited)",
					"@executable_path/Frameworks",
				);
				PRODUCT_BUNDLE_IDENTIFIER = com.malakoipechyva.TwitterClone;
				PRODUCT_NAME = "$(TARGET_NAME)";
				SWIFT_VERSION = 5.0;
				TARGETED_DEVICE_FAMILY = "1,2";
			};
			name = Release;
		};
/* End XCBuildConfiguration section */

/* Begin XCConfigurationList section */
		E3D8B11925B609D600642412 /* Build configuration list for PBXProject "TwitterClone" */ = {
			isa = XCConfigurationList;
			buildConfigurations = (
				E3D8B13025B609DB00642412 /* Debug */,
				E3D8B13125B609DB00642412 /* Release */,
			);
			defaultConfigurationIsVisible = 0;
			defaultConfigurationName = Release;
		};
		E3D8B13225B609DB00642412 /* Build configuration list for PBXNativeTarget "TwitterClone" */ = {
			isa = XCConfigurationList;
			buildConfigurations = (
				E3D8B13325B609DB00642412 /* Debug */,
				E3D8B13425B609DB00642412 /* Release */,
			);
			defaultConfigurationIsVisible = 0;
			defaultConfigurationName = Release;
		};
/* End XCConfigurationList section */
	};
	rootObject = E3D8B11625B609D600642412 /* Project object */;
}
